
Microsoft Visual Studio Solution File, Format Version 12.00
# Visual Studio 2012
Project("{FAE04EC0-301F-11D3-BF4B-00C04F79EFBC}") = "pjkse", "pjkse.csproj", "{159B1811-CEA3-44BC-9764-1FCD134DB65E}"
EndProject
Global
	GlobalSection(SolutionConfigurationPlatforms) = preSolution
		Debug|Any CPU = Debug|Any CPU
		Release|Any CPU = Release|Any CPU
	EndGlobalSection
	GlobalSection(ProjectConfigurationPlatforms) = postSolution
		{159B1811-CEA3-44BC-9764-1FCD134DB65E}.Debug|Any CPU.ActiveCfg = Debug|Any CPU
		{159B1811-CEA3-44BC-9764-1FCD134DB65E}.Debug|Any CPU.Build.0 = Debug|Any CPU
		{159B1811-CEA3-44BC-9764-1FCD134DB65E}.Release|Any CPU.ActiveCfg = Release|Any CPU
		{159B1811-CEA3-44BC-9764-1FCD134DB65E}.Release|Any CPU.Build.0 = Release|Any CPU
	EndGlobalSection
	GlobalSection(MonoDevelopProperties) = preSolution
		StartupItem = pjkse.csproj
	EndGlobalSection
EndGlobal
